
Microsoft Visual Studio Solution File, Format Version 12.00
# Visual Studio Version 17
VisualStudioVersion = 17.9.34728.123
MinimumVisualStudioVersion = 10.0.40219.1
Project("{9A19103F-16F7-4668-BE54-9A1E7A4F7556}") = "InternshipApp", "IntershipApp\InternshipApp.csproj", "{9A646BB1-5FDD-4F86-8A82-52838A3D2619}"
EndProject
Project("{FAE04EC0-301F-11D3-BF4B-00C04F79EFBC}") = "Common", "Common\Common.csproj", "{488F3573-BA7C-4EBF-95EC-2B32C399DF7D}"
EndProject
Global
	GlobalSection(SolutionConfigurationPlatforms) = preSolution
		Debug|Any CPU = Debug|Any CPU
		Release|Any CPU = Release|Any CPU
	EndGlobalSection
	GlobalSection(ProjectConfigurationPlatforms) = postSolution
		{9A646BB1-5FDD-4F86-8A82-52838A3D2619}.Debug|Any CPU.ActiveCfg = Debug|Any CPU
		{9A646BB1-5FDD-4F86-8A82-52838A3D2619}.Debug|Any CPU.Build.0 = Debug|Any CPU
		{9A646BB1-5FDD-4F86-8A82-52838A3D2619}.Release|Any CPU.ActiveCfg = Release|Any CPU
		{9A646BB1-5FDD-4F86-8A82-52838A3D2619}.Release|Any CPU.Build.0 = Release|Any CPU
		{488F3573-BA7C-4EBF-95EC-2B32C399DF7D}.Debug|Any CPU.ActiveCfg = Debug|Any CPU
		{488F3573-BA7C-4EBF-95EC-2B32C399DF7D}.Debug|Any CPU.Build.0 = Debug|Any CPU
		{488F3573-BA7C-4EBF-95EC-2B32C399DF7D}.Release|Any CPU.ActiveCfg = Release|Any CPU
		{488F3573-BA7C-4EBF-95EC-2B32C399DF7D}.Release|Any CPU.Build.0 = Release|Any CPU
	EndGlobalSection
	GlobalSection(SolutionProperties) = preSolution
		HideSolutionNode = FALSE
	EndGlobalSection
	GlobalSection(ExtensibilityGlobals) = postSolution
		SolutionGuid = {03B8174A-DFA4-4A8C-BD10-92A5AEB0B810}
	EndGlobalSection
EndGlobal
